
Microsoft Visual Studio Solution File, Format Version 12.00
# Visual Studio Version 16
VisualStudioVersion = 16.0.30225.117
MinimumVisualStudioVersion = 10.0.40219.1
Project("{FAE04EC0-301F-11D3-BF4B-00C04F79EFBC}") = "BattleShips", "BattleShips\BattleShips.csproj", "{4CD5FA32-F1C4-4F0E-A8BA-E48D0292F32D}"
EndProject
Global
	GlobalSection(SolutionConfigurationPlatforms) = preSolution
		Debug|Any CPU = Debug|Any CPU
		Release|Any CPU = Release|Any CPU
	EndGlobalSection
	GlobalSection(ProjectConfigurationPlatforms) = postSolution
		{4CD5FA32-F1C4-4F0E-A8BA-E48D0292F32D}.Debug|Any CPU.ActiveCfg = Debug|Any CPU
		{4CD5FA32-F1C4-4F0E-A8BA-E48D0292F32D}.Debug|Any CPU.Build.0 = Debug|Any CPU
		{4CD5FA32-F1C4-4F0E-A8BA-E48D0292F32D}.Release|Any CPU.ActiveCfg = Release|Any CPU
		{4CD5FA32-F1C4-4F0E-A8BA-E48D0292F32D}.Release|Any CPU.Build.0 = Release|Any CPU
	EndGlobalSection
	GlobalSection(SolutionProperties) = preSolution
		HideSolutionNode = FALSE
	EndGlobalSection
	GlobalSection(ExtensibilityGlobals) = postSolution
		SolutionGuid = {7D35FC2C-CE9B-47B9-8713-ABDAFE5940A8}
	EndGlobalSection
EndGlobal
